
Microsoft Visual Studio Solution File, Format Version 12.00
# Visual Studio 2013
VisualStudioVersion = 12.0.40629.0
MinimumVisualStudioVersion = 10.0.40219.1
Project("{D2ABAB84-BF74-430A-B69E-9DC6D40DDA17}") = "RepasoEC1", "RepasoEC1\RepasoEC1.dwproj", "{ED6930DB-2898-4019-8A6A-0258D23CCA3C}"
EndProject
Global
	GlobalSection(SolutionConfigurationPlatforms) = preSolution
		Development|Default = Development|Default
	EndGlobalSection
	GlobalSection(ProjectConfigurationPlatforms) = postSolution
		{ED6930DB-2898-4019-8A6A-0258D23CCA3C}.Development|Default.ActiveCfg = Development
		{ED6930DB-2898-4019-8A6A-0258D23CCA3C}.Development|Default.Build.0 = Development
		{ED6930DB-2898-4019-8A6A-0258D23CCA3C}.Development|Default.Deploy.0 = Development
	EndGlobalSection
	GlobalSection(SolutionProperties) = preSolution
		HideSolutionNode = FALSE
	EndGlobalSection
EndGlobal
